// !$*UTF8*$!
{
	archiveVersion = 1;
	classes = {
	};
	objectVersion = 55;
	objects = {

/* Begin PBXBuildFile section */
		351064EA28C97AEF0085E408 /* AppDelegate.swift in Sources */ = {isa = PBXBuildFile; fileRef = 351064E928C97AEF0085E408 /* AppDelegate.swift */; };
		351064EC28C97AEF0085E408 /* SceneDelegate.swift in Sources */ = {isa = PBXBuildFile; fileRef = 351064EB28C97AEF0085E408 /* SceneDelegate.swift */; };
		351064EE28C97AEF0085E408 /* ViewController.swift in Sources */ = {isa = PBXBuildFile; fileRef = 351064ED28C97AEF0085E408 /* ViewController.swift */; };
		351064F128C97AEF0085E408 /* Main.storyboard in Resources */ = {isa = PBXBuildFile; fileRef = 351064EF28C97AEF0085E408 /* Main.storyboard */; };
		351064F428C97AEF0085E408 /* iOS_Project_Term_2__MAD4114.xcdatamodeld in Sources */ = {isa = PBXBuildFile; fileRef = 351064F228C97AEF0085E408 /* iOS_Project_Term_2__MAD4114.xcdatamodeld */; };
		351064F628C97AF70085E408 /* Assets.xcassets in Resources */ = {isa = PBXBuildFile; fileRef = 351064F528C97AF70085E408 /* Assets.xcassets */; };
		351064F928C97AF70085E408 /* LaunchScreen.storyboard in Resources */ = {isa = PBXBuildFile; fileRef = 351064F728C97AF70085E408 /* LaunchScreen.storyboard */; };
/* End PBXBuildFile section */

/* Begin PBXFileReference section */
		351064E628C97AEF0085E408 /* iOS Project(Term 2) MAD4114.app */ = {isa = PBXFileReference; explicitFileType = wrapper.application; includeInIndex = 0; path = "iOS Project(Term 2) MAD4114.app"; sourceTree = BUILT_PRODUCTS_DIR; };
		351064E928C97AEF0085E408 /* AppDelegate.swift */ = {isa = PBXFileReference; lastKnownFileType = sourcecode.swift; path = AppDelegate.swift; sourceTree = "<group>"; };
		351064EB28C97AEF0085E408 /* SceneDelegate.swift */ = {isa = PBXFileReference; lastKnownFileType = sourcecode.swift; path = SceneDelegate.swift; sourceTree = "<group>"; };
		351064ED28C97AEF0085E408 /* ViewController.swift */ = {isa = PBXFileReference; lastKnownFileType = sourcecode.swift; path = ViewController.swift; sourceTree = "<group>"; };
		351064F028C97AEF0085E408 /* Base */ = {isa = PBXFileReference; lastKnownFileType = file.storyboard; name = Base; path = Base.lproj/Main.storyboard; sourceTree = "<group>"; };
		351064F328C97AEF0085E408 /* iOS_Project_Term_2__MAD4114.xcdatamodel */ = {isa = PBXFileReference; lastKnownFileType = wrapper.xcdatamodel; path = iOS_Project_Term_2__MAD4114.xcdatamodel; sourceTree = "<group>"; };
		351064F528C97AF70085E408 /* Assets.xcassets */ = {isa = PBXFileReference; lastKnownFileType = folder.assetcatalog; path = Assets.xcassets; sourceTree = "<group>"; };
		351064F828C97AF70085E408 /* Base */ = {isa = PBXFileReference; lastKnownFileType = file.storyboard; name = Base; path = Base.lproj/LaunchScreen.storyboard; sourceTree = "<group>"; };
		351064FA28C97AF70085E408 /* Info.plist */ = {isa = PBXFileReference; lastKnownFileType = text.plist.xml; path = Info.plist; sourceTree = "<group>"; };
/* End PBXFileReference section */

/* Begin PBXFrameworksBuildPhase section */
		351064E328C97AEF0085E408 /* Frameworks */ = {
			isa = PBXFrameworksBuildPhase;
			buildActionMask = 2147483647;
			files = (
			);
			runOnlyForDeploymentPostprocessing = 0;
		};
/* End PBXFrameworksBuildPhase section */

/* Begin PBXGroup section */
		351064DD28C97AEF0085E408 = {
			isa = PBXGroup;
			children = (
				351064E828C97AEF0085E408 /* iOS Project(Term 2) MAD4114 */,
				351064E728C97AEF0085E408 /* Products */,
			);
			sourceTree = "<group>";
		};
		351064E728C97AEF0085E408 /* Products */ = {
			isa = PBXGroup;
			children = (
				351064E628C97AEF0085E408 /* iOS Project(Term 2) MAD4114.app */,
			);
			name = Products;
			sourceTree = "<group>";
		};
		351064E828C97AEF0085E408 /* iOS Project(Term 2) MAD4114 */ = {
			isa = PBXGroup;
			children = (
				351064E928C97AEF0085E408 /* AppDelegate.swift */,
				351064EB28C97AEF0085E408 /* SceneDelegate.swift */,
				351064ED28C97AEF0085E408 /* ViewController.swift */,
				351064EF28C97AEF0085E408 /* Main.storyboard */,
				351064F528C97AF70085E408 /* Assets.xcassets */,
				351064F728C97AF70085E408 /* LaunchScreen.storyboard */,
				351064FA28C97AF70085E408 /* Info.plist */,
				351064F228C97AEF0085E408 /* iOS_Project_Term_2__MAD4114.xcdatamodeld */,
			);
			path = "iOS Project(Term 2) MAD4114";
			sourceTree = "<group>";
		};
/* End PBXGroup section */

/* Begin PBXNativeTarget section */
		351064E528C97AEF0085E408 /* iOS Project(Term 2) MAD4114 */ = {
			isa = PBXNativeTarget;
			buildConfigurationList = 351064FD28C97AF70085E408 /* Build configuration list for PBXNativeTarget "iOS Project(Term 2) MAD4114" */;
			buildPhases = (
				351064E228C97AEF0085E408 /* Sources */,
				351064E328C97AEF0085E408 /* Frameworks */,
				351064E428C97AEF0085E408 /* Resources */,
			);
			buildRules = (
			);
			dependencies = (
			);
			name = "iOS Project(Term 2) MAD4114";
			productName = "iOS Project(Term 2) MAD4114";
			productReference = 351064E628C97AEF0085E408 /* iOS Project(Term 2) MAD4114.app */;
			productType = "com.apple.product-type.application";
		};
/* End PBXNativeTarget section */

/* Begin PBXProject section */
		351064DE28C97AEF0085E408 /* Project object */ = {
			isa = PBXProject;
			attributes = {
				BuildIndependentTargetsInParallel = 1;
				LastSwiftUpdateCheck = 1340;
				LastUpgradeCheck = 1340;
				TargetAttributes = {
					351064E528C97AEF0085E408 = {
						CreatedOnToolsVersion = 13.4.1;
					};
				};
			};
			buildConfigurationList = 351064E128C97AEF0085E408 /* Build configuration list for PBXProject "iOS Project(Term 2) MAD4114" */;
			compatibilityVersion = "Xcode 13.0";
			developmentRegion = en;
			hasScannedForEncodings = 0;
			knownRegions = (
				en,
				Base,
			);
			mainGroup = 351064DD28C97AEF0085E408;
			productRefGroup = 351064E728C97AEF0085E408 /* Products */;
			projectDirPath = "";
			projectRoot = "";
			targets = (
				351064E528C97AEF0085E408 /* iOS Project(Term 2) MAD4114 */,
			);
		};
/* End PBXProject section */

/* Begin PBXResourcesBuildPhase section */
		351064E428C97AEF0085E408 /* Resources */ = {
			isa = PBXResourcesBuildPhase;
			buildActionMask = 2147483647;
			files = (
				351064F928C97AF70085E408 /* LaunchScreen.storyboard in Resources */,
				351064F628C97AF70085E408 /* Assets.xcassets in Resources */,
				351064F128C97AEF0085E408 /* Main.storyboard in Resources */,
			);
			runOnlyForDeploymentPostprocessing = 0;
		};
/* End PBXResourcesBuildPhase section */

/* Begin PBXSourcesBuildPhase section */
		351064E228C97AEF0085E408 /* Sources */ = {
			isa = PBXSourcesBuildPhase;
			buildActionMask = 2147483647;
			files = (
				351064EE28C97AEF0085E408 /* ViewController.swift in Sources */,
				351064EA28C97AEF0085E408 /* AppDelegate.swift in Sources */,
				351064EC28C97AEF0085E408 /* SceneDelegate.swift in Sources */,
				351064F428C97AEF0085E408 /* iOS_Project_Term_2__MAD4114.xcdatamodeld in Sources */,
			);
			runOnlyForDeploymentPostprocessing = 0;
		};
/* End PBXSourcesBuildPhase section */

/* Begin PBXVariantGroup section */
		351064EF28C97AEF0085E408 /* Main.storyboard */ = {
			isa = PBXVariantGroup;
			children = (
				351064F028C97AEF0085E408 /* Base */,
			);
			name = Main.storyboard;
			sourceTree = "<group>";
		};
		351064F728C97AF70085E408 /* LaunchScreen.storyboard */ = {
			isa = PBXVariantGroup;
			children = (
				351064F828C97AF70085E408 /* Base */,
			);
			name = LaunchScreen.storyboard;
			sourceTree = "<group>";
		};
/* End PBXVariantGroup section */

/* Begin XCBuildConfiguration section */
		351064FB28C97AF70085E408 /* Debug */ = {
			isa = XCBuildConfiguration;
			buildSettings = {
				ALWAYS_SEARCH_USER_PATHS = NO;
				CLANG_ANALYZER_NONNULL = YES;
				CLANG_ANALYZER_NUMBER_OBJECT_CONVERSION = YES_AGGRESSIVE;
				CLANG_CXX_LANGUAGE_STANDARD = "gnu++17";
				CLANG_ENABLE_MODULES = YES;
				CLANG_ENABLE_OBJC_ARC = YES;
				CLANG_ENABLE_OBJC_WEAK = YES;
				CLANG_WARN_BLOCK_CAPTURE_AUTORELEASING = YES;
				CLANG_WARN_BOOL_CONVERSION = YES;
				CLANG_WARN_COMMA = YES;
				CLANG_WARN_CONSTANT_CONVERSION = YES;
				CLANG_WARN_DEPRECATED_OBJC_IMPLEMENTATIONS = YES;
				CLANG_WARN_DIRECT_OBJC_ISA_USAGE = YES_ERROR;
				CLANG_WARN_DOCUMENTATION_COMMENTS = YES;
				CLANG_WARN_EMPTY_BODY = YES;
				CLANG_WARN_ENUM_CONVERSION = YES;
				CLANG_WARN_INFINITE_RECURSION = YES;
				CLANG_WARN_INT_CONVERSION = YES;
				CLANG_WARN_NON_LITERAL_NULL_CONVERSION = YES;
				CLANG_WARN_OBJC_IMPLICIT_RETAIN_SELF = YES;
				CLANG_WARN_OBJC_LITERAL_CONVERSION = YES;
				CLANG_WARN_OBJC_ROOT_CLASS = YES_ERROR;
				CLANG_WARN_QUOTED_INCLUDE_IN_FRAMEWORK_HEADER = YES;
				CLANG_WARN_RANGE_LOOP_ANALYSIS = YES;
				CLANG_WARN_STRICT_PROTOTYPES = YES;
				CLANG_WARN_SUSPICIOUS_MOVE = YES;
				CLANG_WARN_UNGUARDED_AVAILABILITY = YES_AGGRESSIVE;
				CLANG_WARN_UNREACHABLE_CODE = YES;
				CLANG_WARN__DUPLICATE_METHOD_MATCH = YES;
				COPY_PHASE_STRIP = NO;
				DEBUG_INFORMATION_FORMAT = dwarf;
				ENABLE_STRICT_OBJC_MSGSEND = YES;
				ENABLE_TESTABILITY = YES;
				GCC_C_LANGUAGE_STANDARD = gnu11;
				GCC_DYNAMIC_NO_PIC = NO;
				GCC_NO_COMMON_BLOCKS = YES;
				GCC_OPTIMIZATION_LEVEL = 0;
				GCC_PREPROCESSOR_DEFINITIONS = (
					"DEBUG=1",
					"$(inherited)",
				);
				GCC_WARN_64_TO_32_BIT_CONVERSION = YES;
				GCC_WARN_ABOUT_RETURN_TYPE = YES_ERROR;
				GCC_WARN_UNDECLARED_SELECTOR = YES;
				GCC_WARN_UNINITIALIZED_AUTOS = YES_AGGRESSIVE;
				GCC_WARN_UNUSED_FUNCTION = YES;
				GCC_WARN_UNUSED_VARIABLE = YES;
				IPHONEOS_DEPLOYMENT_TARGET = 15.5;
				MTL_ENABLE_DEBUG_INFO = INCLUDE_SOURCE;
				MTL_FAST_MATH = YES;
				ONLY_ACTIVE_ARCH = YES;
				SDKROOT = iphoneos;
				SWIFT_ACTIVE_COMPILATION_CONDITIONS = DEBUG;
				SWIFT_OPTIMIZATION_LEVEL = "-Onone";
			};
			name = Debug;
		};
		351064FC28C97AF70085E408 /* Release */ = {
			isa = XCBuildConfiguration;
			buildSettings = {
				ALWAYS_SEARCH_USER_PATHS = NO;
				CLANG_ANALYZER_NONNULL = YES;
				CLANG_ANALYZER_NUMBER_OBJECT_CONVERSION = YES_AGGRESSIVE;
				CLANG_CXX_LANGUAGE_STANDARD = "gnu++17";
				CLANG_ENABLE_MODULES = YES;
				CLANG_ENABLE_OBJC_ARC = YES;
				CLANG_ENABLE_OBJC_WEAK = YES;
				CLANG_WARN_BLOCK_CAPTURE_AUTORELEASING = YES;
				CLANG_WARN_BOOL_CONVERSION = YES;
				CLANG_WARN_COMMA = YES;
				CLANG_WARN_CONSTANT_CONVERSION = YES;
				CLANG_WARN_DEPRECATED_OBJC_IMPLEMENTATIONS = YES;
				CLANG_WARN_DIRECT_OBJC_ISA_USAGE = YES_ERROR;
				CLANG_WARN_DOCUMENTATION_COMMENTS = YES;
				CLANG_WARN_EMPTY_BODY = YES;
				CLANG_WARN_ENUM_CONVERSION = YES;
				CLANG_WARN_INFINITE_RECURSION = YES;
				CLANG_WARN_INT_CONVERSION = YES;
				CLANG_WARN_NON_LITERAL_NULL_CONVERSION = YES;
				CLANG_WARN_OBJC_IMPLICIT_RETAIN_SELF = YES;
				CLANG_WARN_OBJC_LITERAL_CONVERSION = YES;
				CLANG_WARN_OBJC_ROOT_CLASS = YES_ERROR;
				CLANG_WARN_QUOTED_INCLUDE_IN_FRAMEWORK_HEADER = YES;
				CLANG_WARN_RANGE_LOOP_ANALYSIS = YES;
				CLANG_WARN_STRICT_PROTOTYPES = YES;
				CLANG_WARN_SUSPICIOUS_MOVE = YES;
				CLANG_WARN_UNGUARDED_AVAILABILITY = YES_AGGRESSIVE;
				CLANG_WARN_UNREACHABLE_CODE = YES;
				CLANG_WARN__DUPLICATE_METHOD_MATCH = YES;
				COPY_PHASE_STRIP = NO;
				DEBUG_INFORMATION_FORMAT = "dwarf-with-dsym";
				ENABLE_NS_ASSERTIONS = NO;
				ENABLE_STRICT_OBJC_MSGSEND = YES;
				GCC_C_LANGUAGE_STANDARD = gnu11;
				GCC_NO_COMMON_BLOCKS = YES;
				GCC_WARN_64_TO_32_BIT_CONVERSION = YES;
				GCC_WARN_ABOUT_RETURN_TYPE = YES_ERROR;
				GCC_WARN_UNDECLARED_SELECTOR = YES;
				GCC_WARN_UNINITIALIZED_AUTOS = YES_AGGRESSIVE;
				GCC_WARN_UNUSED_FUNCTION = YES;
				GCC_WARN_UNUSED_VARIABLE = YES;
				IPHONEOS_DEPLOYMENT_TARGET = 15.5;
				MTL_ENABLE_DEBUG_INFO = NO;
				MTL_FAST_MATH = YES;
				SDKROOT = iphoneos;
				SWIFT_COMPILATION_MODE = wholemodule;
				SWIFT_OPTIMIZATION_LEVEL = "-O";
				VALIDATE_PRODUCT = YES;
			};
			name = Release;
		};
		351064FE28C97AF70085E408 /* Debug */ = {
			isa = XCBuildConfiguration;
			buildSettings = {
				ASSETCATALOG_COMPILER_APPICON_NAME = AppIcon;
				ASSETCATALOG_COMPILER_GLOBAL_ACCENT_COLOR_NAME = AccentColor;
				CODE_SIGN_STYLE = Automatic;
				CURRENT_PROJECT_VERSION = 1;
				DEVELOPMENT_TEAM = HRS6VK64TY;
				GENERATE_INFOPLIST_FILE = YES;
				INFOPLIST_FILE = "iOS Project(Term 2) MAD4114/Info.plist";
				INFOPLIST_KEY_UIApplicationSupportsIndirectInputEvents = YES;
				INFOPLIST_KEY_UILaunchStoryboardName = LaunchScreen;
				INFOPLIST_KEY_UIMainStoryboardFile = Main;
				INFOPLIST_KEY_UISupportedInterfaceOrientations_iPad = "UIInterfaceOrientationPortrait UIInterfaceOrientationPortraitUpsideDown UIInterfaceOrientationLandscapeLeft UIInterfaceOrientationLandscapeRight";
				INFOPLIST_KEY_UISupportedInterfaceOrientations_iPhone = "UIInterfaceOrientationPortrait UIInterfaceOrientationLandscapeLeft UIInterfaceOrientationLandscapeRight";
				LD_RUNPATH_SEARCH_PATHS = (
					"$(inherited)",
					"@executable_path/Frameworks",
				);
				MARKETING_VERSION = 1.0;
				PRODUCT_BUNDLE_IDENTIFIER = "com.rajgohel.iOS-Project-Term-2--MAD4114";
				PRODUCT_NAME = "$(TARGET_NAME)";
				SWIFT_EMIT_LOC_STRINGS = YES;
				SWIFT_VERSION = 5.0;
				TARGETED_DEVICE_FAMILY = "1,2";
			};
			name = Debug;
		};
		351064FF28C97AF70085E408 /* Release */ = {
			isa = XCBuildConfiguration;
			buildSettings = {
				ASSETCATALOG_COMPILER_APPICON_NAME = AppIcon;
				ASSETCATALOG_COMPILER_GLOBAL_ACCENT_COLOR_NAME = AccentColor;
				CODE_SIGN_STYLE = Automatic;
				CURRENT_PROJECT_VERSION = 1;
				DEVELOPMENT_TEAM = HRS6VK64TY;
				GENERATE_INFOPLIST_FILE = YES;
				INFOPLIST_FILE = "iOS Project(Term 2) MAD4114/Info.plist";
				INFOPLIST_KEY_UIApplicationSupportsIndirectInputEvents = YES;
				INFOPLIST_KEY_UILaunchStoryboardName = LaunchScreen;
				INFOPLIST_KEY_UIMainStoryboardFile = Main;
				INFOPLIST_KEY_UISupportedInterfaceOrientations_iPad = "UIInterfaceOrientationPortrait UIInterfaceOrientationPortraitUpsideDown UIInterfaceOrientationLandscapeLeft UIInterfaceOrientationLandscapeRight";
				INFOPLIST_KEY_UISupportedInterfaceOrientations_iPhone = "UIInterfaceOrientationPortrait UIInterfaceOrientationLandscapeLeft UIInterfaceOrientationLandscapeRight";
				LD_RUNPATH_SEARCH_PATHS = (
					"$(inherited)",
					"@executable_path/Frameworks",
				);
				MARKETING_VERSION = 1.0;
				PRODUCT_BUNDLE_IDENTIFIER = "com.rajgohel.iOS-Project-Term-2--MAD4114";
				PRODUCT_NAME = "$(TARGET_NAME)";
				SWIFT_EMIT_LOC_STRINGS = YES;
				SWIFT_VERSION = 5.0;
				TARGETED_DEVICE_FAMILY = "1,2";
			};
			name = Release;
		};
/* End XCBuildConfiguration section */

/* Begin XCConfigurationList section */
		351064E128C97AEF0085E408 /* Build configuration list for PBXProject "iOS Project(Term 2) MAD4114" */ = {
			isa = XCConfigurationList;
			buildConfigurations = (
				351064FB28C97AF70085E408 /* Debug */,
				351064FC28C97AF70085E408 /* Release */,
			);
			defaultConfigurationIsVisible = 0;
			defaultConfigurationName = Release;
		};
		351064FD28C97AF70085E408 /* Build configuration list for PBXNativeTarget "iOS Project(Term 2) MAD4114" */ = {
			isa = XCConfigurationList;
			buildConfigurations = (
				351064FE28C97AF70085E408 /* Debug */,
				351064FF28C97AF70085E408 /* Release */,
			);
			defaultConfigurationIsVisible = 0;
			defaultConfigurationName = Release;
		};
/* End XCConfigurationList section */

/* Begin XCVersionGroup section */
		351064F228C97AEF0085E408 /* iOS_Project_Term_2__MAD4114.xcdatamodeld */ = {
			isa = XCVersionGroup;
			children = (
				351064F328C97AEF0085E408 /* iOS_Project_Term_2__MAD4114.xcdatamodel */,
			);
			currentVersion = 351064F328C97AEF0085E408 /* iOS_Project_Term_2__MAD4114.xcdatamodel */;
			path = iOS_Project_Term_2__MAD4114.xcdatamodeld;
			sourceTree = "<group>";
			versionGroupType = wrapper.xcdatamodel;
		};
/* End XCVersionGroup section */
	};
	rootObject = 351064DE28C97AEF0085E408 /* Project object */;
}
